
Microsoft Visual Studio Solution File, Format Version 12.00
# Visual Studio Version 16
VisualStudioVersion = 16.0.30114.105
MinimumVisualStudioVersion = 10.0.40219.1
Project("{FAE04EC0-301F-11D3-BF4B-00C04F79EFBC}") = "EscortBookAuthorizerConsumer", "EscortBookAuthorizer.Consumer\EscortBookAuthorizerConsumer.csproj", "{F05649F2-ADE1-4CDF-A7BB-11110B471F28}"
EndProject
Project("{FAE04EC0-301F-11D3-BF4B-00C04F79EFBC}") = "EscortBookAuthorizer.Tests", "EscortBookAuthorizer.Tests\EscortBookAuthorizer.Tests.csproj", "{A09A917C-CDC9-4B98-A0B9-3D4ABF81B417}"
EndProject
Global
	GlobalSection(SolutionProperties) = preSolution
		HideSolutionNode = FALSE
	EndGlobalSection
	GlobalSection(SolutionConfigurationPlatforms) = preSolution
		Debug|Any CPU = Debug|Any CPU
		Debug|x64 = Debug|x64
		Debug|x86 = Debug|x86
		Release|Any CPU = Release|Any CPU
		Release|x64 = Release|x64
		Release|x86 = Release|x86
	EndGlobalSection
	GlobalSection(ProjectConfigurationPlatforms) = postSolution
		{F05649F2-ADE1-4CDF-A7BB-11110B471F28}.Debug|Any CPU.ActiveCfg = Debug|Any CPU
		{F05649F2-ADE1-4CDF-A7BB-11110B471F28}.Debug|Any CPU.Build.0 = Debug|Any CPU
		{F05649F2-ADE1-4CDF-A7BB-11110B471F28}.Debug|x64.ActiveCfg = Debug|Any CPU
		{F05649F2-ADE1-4CDF-A7BB-11110B471F28}.Debug|x64.Build.0 = Debug|Any CPU
		{F05649F2-ADE1-4CDF-A7BB-11110B471F28}.Debug|x86.ActiveCfg = Debug|Any CPU
		{F05649F2-ADE1-4CDF-A7BB-11110B471F28}.Debug|x86.Build.0 = Debug|Any CPU
		{F05649F2-ADE1-4CDF-A7BB-11110B471F28}.Release|Any CPU.ActiveCfg = Release|Any CPU
		{F05649F2-ADE1-4CDF-A7BB-11110B471F28}.Release|Any CPU.Build.0 = Release|Any CPU
		{F05649F2-ADE1-4CDF-A7BB-11110B471F28}.Release|x64.ActiveCfg = Release|Any CPU
		{F05649F2-ADE1-4CDF-A7BB-11110B471F28}.Release|x64.Build.0 = Release|Any CPU
		{F05649F2-ADE1-4CDF-A7BB-11110B471F28}.Release|x86.ActiveCfg = Release|Any CPU
		{F05649F2-ADE1-4CDF-A7BB-11110B471F28}.Release|x86.Build.0 = Release|Any CPU
		{A09A917C-CDC9-4B98-A0B9-3D4ABF81B417}.Debug|Any CPU.ActiveCfg = Debug|Any CPU
		{A09A917C-CDC9-4B98-A0B9-3D4ABF81B417}.Debug|Any CPU.Build.0 = Debug|Any CPU
		{A09A917C-CDC9-4B98-A0B9-3D4ABF81B417}.Debug|x64.ActiveCfg = Debug|Any CPU
		{A09A917C-CDC9-4B98-A0B9-3D4ABF81B417}.Debug|x64.Build.0 = Debug|Any CPU
		{A09A917C-CDC9-4B98-A0B9-3D4ABF81B417}.Debug|x86.ActiveCfg = Debug|Any CPU
		{A09A917C-CDC9-4B98-A0B9-3D4ABF81B417}.Debug|x86.Build.0 = Debug|Any CPU
		{A09A917C-CDC9-4B98-A0B9-3D4ABF81B417}.Release|Any CPU.ActiveCfg = Release|Any CPU
		{A09A917C-CDC9-4B98-A0B9-3D4ABF81B417}.Release|Any CPU.Build.0 = Release|Any CPU
		{A09A917C-CDC9-4B98-A0B9-3D4ABF81B417}.Release|x64.ActiveCfg = Release|Any CPU
		{A09A917C-CDC9-4B98-A0B9-3D4ABF81B417}.Release|x64.Build.0 = Release|Any CPU
		{A09A917C-CDC9-4B98-A0B9-3D4ABF81B417}.Release|x86.ActiveCfg = Release|Any CPU
		{A09A917C-CDC9-4B98-A0B9-3D4ABF81B417}.Release|x86.Build.0 = Release|Any CPU
	EndGlobalSection
EndGlobal
